
Microsoft Visual Studio Solution File, Format Version 12.00
# Visual Studio Version 16
VisualStudioVersion = 16.0.31424.327
MinimumVisualStudioVersion = 10.0.40219.1
Project("{2150E333-8FDC-42A3-9474-1A3956D46DE8}") = "src", "src", "{5027F0EA-8A52-49EC-827D-3F6B3469A5BF}"
	ProjectSection(SolutionItems) = preProject
		src\docker-compose.yml = src\docker-compose.yml
	EndProjectSection
EndProject
Project("{2150E333-8FDC-42A3-9474-1A3956D46DE8}") = "ApiGateways", "ApiGateways", "{7E262528-8DA2-4378-8A84-AAF83041A38E}"
EndProject
Project("{2150E333-8FDC-42A3-9474-1A3956D46DE8}") = "BuildingBlocks", "BuildingBlocks", "{82B68122-9F5C-4C9F-B04E-302E04204C50}"
EndProject
Project("{2150E333-8FDC-42A3-9474-1A3956D46DE8}") = "Frontends", "Frontends", "{8683BBA9-98D5-4099-84D0-20CEFD25A167}"
EndProject
Project("{2150E333-8FDC-42A3-9474-1A3956D46DE8}") = "Services", "Services", "{F47CDA6F-2A7C-46A7-A323-E085972BFC0A}"
EndProject
Project("{2150E333-8FDC-42A3-9474-1A3956D46DE8}") = "OcelotApi", "OcelotApi", "{7F419180-15DB-43F4-B7C1-4F5030840D5E}"
EndProject
Project("{2150E333-8FDC-42A3-9474-1A3956D46DE8}") = "EventBus.Messages", "EventBus.Messages", "{FEBFF63B-67A4-4746-962B-D4E60EC4B956}"
EndProject
Project("{2150E333-8FDC-42A3-9474-1A3956D46DE8}") = "Basket", "Basket", "{56D01708-8EFE-463F-B584-8A5981643A67}"
EndProject
Project("{2150E333-8FDC-42A3-9474-1A3956D46DE8}") = "Catalog", "Catalog", "{B2566621-0A42-4ED1-9CC3-12528B206CC0}"
EndProject
Project("{2150E333-8FDC-42A3-9474-1A3956D46DE8}") = "Inventory", "Inventory", "{E4C89C68-6D6D-4FE4-A55A-3910F58E0751}"
EndProject
Project("{2150E333-8FDC-42A3-9474-1A3956D46DE8}") = "Discount", "Discount", "{F329F924-97BD-4B64-AFA2-DFCA97433955}"
EndProject
Project("{2150E333-8FDC-42A3-9474-1A3956D46DE8}") = "Orders", "Orders", "{3ED5E969-77FE-4ACF-8582-25C6541E241A}"
EndProject
Project("{2150E333-8FDC-42A3-9474-1A3956D46DE8}") = "Basket.Api", "Basket.Api", "{A83BD34C-1C19-4452-BE4E-EE9DD8979727}"
EndProject
Project("{2150E333-8FDC-42A3-9474-1A3956D46DE8}") = "Catalog.Api", "Catalog.Api", "{47BACA7B-F291-4026-9F0D-7048A84BC6D7}"
EndProject
Project("{2150E333-8FDC-42A3-9474-1A3956D46DE8}") = "Discount.Grpc", "Discount.Grpc", "{1DE81783-5710-4CB8-B742-548A4E4A5463}"
EndProject
Project("{2150E333-8FDC-42A3-9474-1A3956D46DE8}") = "Inventory.Api", "Inventory.Api", "{F8BC85EE-7821-4487-B7D7-7AEAE880E29B}"
EndProject
Project("{2150E333-8FDC-42A3-9474-1A3956D46DE8}") = "Orders.Api", "Orders.Api", "{0AD1149B-6E2C-404C-9ED4-00E45BDAED46}"
EndProject
Project("{9A19103F-16F7-4668-BE54-9A1E7A4F7556}") = "Orders.Api", "src\Services\Orders\Orders.Api\Orders.Api.csproj", "{B18AFE81-0A49-43C8-AA53-5F84AD1F8BD4}"
EndProject
Project("{9A19103F-16F7-4668-BE54-9A1E7A4F7556}") = "Catalog.Api", "src\Services\Catalog\Catalog.Api\Catalog.Api.csproj", "{6329FE47-2AEE-4F14-8CEE-848700BC31CE}"
EndProject
Project("{9A19103F-16F7-4668-BE54-9A1E7A4F7556}") = "Basket.Api", "src\Services\Basket\Basket.Api\Basket.Api.csproj", "{40E7ABF4-8526-4341-BDED-B7CD45BA3F43}"
EndProject
Project("{9A19103F-16F7-4668-BE54-9A1E7A4F7556}") = "OcelotApi", "src\ApiGateways\OcelotApi\OcelotApi.csproj", "{A3F1C55C-DB69-45D7-98CF-712BB47F6FA0}"
EndProject
Project("{2150E333-8FDC-42A3-9474-1A3956D46DE8}") = "Solution Items", "Solution Items", "{AECE60D0-1A77-4481-9BCD-9CCBB376A97F}"
	ProjectSection(SolutionItems) = preProject
		.gitignore = .gitignore
		azure-pipelines.yml = azure-pipelines.yml
	EndProjectSection
EndProject
Project("{2150E333-8FDC-42A3-9474-1A3956D46DE8}") = "Mvc", "Mvc", "{C0C5A3AC-44A4-4477-9A57-07D029EA9ED6}"
EndProject
Project("{2150E333-8FDC-42A3-9474-1A3956D46DE8}") = "Web", "Web", "{A2249B7B-E3A8-4805-B8B8-7C7FB26BD863}"
EndProject
Project("{9A19103F-16F7-4668-BE54-9A1E7A4F7556}") = "Web", "src\Frontends\Mvc\Web\Web.csproj", "{6F295800-2A07-4B52-A8EC-DED254A2F10C}"
EndProject
Global
	GlobalSection(SolutionConfigurationPlatforms) = preSolution
		Debug|Any CPU = Debug|Any CPU
		Release|Any CPU = Release|Any CPU
	EndGlobalSection
	GlobalSection(ProjectConfigurationPlatforms) = postSolution
		{B18AFE81-0A49-43C8-AA53-5F84AD1F8BD4}.Debug|Any CPU.ActiveCfg = Debug|Any CPU
		{B18AFE81-0A49-43C8-AA53-5F84AD1F8BD4}.Debug|Any CPU.Build.0 = Debug|Any CPU
		{B18AFE81-0A49-43C8-AA53-5F84AD1F8BD4}.Release|Any CPU.ActiveCfg = Release|Any CPU
		{B18AFE81-0A49-43C8-AA53-5F84AD1F8BD4}.Release|Any CPU.Build.0 = Release|Any CPU
		{7B9527A8-D49C-45E6-A1D0-86659648F7FF}.Debug|Any CPU.ActiveCfg = Debug|Any CPU
		{7B9527A8-D49C-45E6-A1D0-86659648F7FF}.Debug|Any CPU.Build.0 = Debug|Any CPU
		{7B9527A8-D49C-45E6-A1D0-86659648F7FF}.Release|Any CPU.ActiveCfg = Release|Any CPU
		{7B9527A8-D49C-45E6-A1D0-86659648F7FF}.Release|Any CPU.Build.0 = Release|Any CPU
		{37642765-98DA-49B6-BFDB-578B8E2EC26C}.Debug|Any CPU.ActiveCfg = Debug|Any CPU
		{37642765-98DA-49B6-BFDB-578B8E2EC26C}.Debug|Any CPU.Build.0 = Debug|Any CPU
		{37642765-98DA-49B6-BFDB-578B8E2EC26C}.Release|Any CPU.ActiveCfg = Release|Any CPU
		{37642765-98DA-49B6-BFDB-578B8E2EC26C}.Release|Any CPU.Build.0 = Release|Any CPU
		{6329FE47-2AEE-4F14-8CEE-848700BC31CE}.Debug|Any CPU.ActiveCfg = Debug|Any CPU
		{6329FE47-2AEE-4F14-8CEE-848700BC31CE}.Debug|Any CPU.Build.0 = Debug|Any CPU
		{6329FE47-2AEE-4F14-8CEE-848700BC31CE}.Release|Any CPU.ActiveCfg = Release|Any CPU
		{6329FE47-2AEE-4F14-8CEE-848700BC31CE}.Release|Any CPU.Build.0 = Release|Any CPU
		{40E7ABF4-8526-4341-BDED-B7CD45BA3F43}.Debug|Any CPU.ActiveCfg = Debug|Any CPU
		{40E7ABF4-8526-4341-BDED-B7CD45BA3F43}.Debug|Any CPU.Build.0 = Debug|Any CPU
		{40E7ABF4-8526-4341-BDED-B7CD45BA3F43}.Release|Any CPU.ActiveCfg = Release|Any CPU
		{40E7ABF4-8526-4341-BDED-B7CD45BA3F43}.Release|Any CPU.Build.0 = Release|Any CPU
		{7147E44A-0188-45AE-9533-FB2761D0CDF1}.Debug|Any CPU.ActiveCfg = Debug|Any CPU
		{7147E44A-0188-45AE-9533-FB2761D0CDF1}.Debug|Any CPU.Build.0 = Debug|Any CPU
		{7147E44A-0188-45AE-9533-FB2761D0CDF1}.Release|Any CPU.ActiveCfg = Release|Any CPU
		{7147E44A-0188-45AE-9533-FB2761D0CDF1}.Release|Any CPU.Build.0 = Release|Any CPU
		{A3F1C55C-DB69-45D7-98CF-712BB47F6FA0}.Debug|Any CPU.ActiveCfg = Debug|Any CPU
		{A3F1C55C-DB69-45D7-98CF-712BB47F6FA0}.Debug|Any CPU.Build.0 = Debug|Any CPU
		{A3F1C55C-DB69-45D7-98CF-712BB47F6FA0}.Release|Any CPU.ActiveCfg = Release|Any CPU
		{A3F1C55C-DB69-45D7-98CF-712BB47F6FA0}.Release|Any CPU.Build.0 = Release|Any CPU
		{6F295800-2A07-4B52-A8EC-DED254A2F10C}.Debug|Any CPU.ActiveCfg = Debug|Any CPU
		{6F295800-2A07-4B52-A8EC-DED254A2F10C}.Debug|Any CPU.Build.0 = Debug|Any CPU
		{6F295800-2A07-4B52-A8EC-DED254A2F10C}.Release|Any CPU.ActiveCfg = Release|Any CPU
		{6F295800-2A07-4B52-A8EC-DED254A2F10C}.Release|Any CPU.Build.0 = Release|Any CPU
	EndGlobalSection
	GlobalSection(SolutionProperties) = preSolution
		HideSolutionNode = FALSE
	EndGlobalSection
	GlobalSection(NestedProjects) = preSolution
		{7E262528-8DA2-4378-8A84-AAF83041A38E} = {5027F0EA-8A52-49EC-827D-3F6B3469A5BF}
		{82B68122-9F5C-4C9F-B04E-302E04204C50} = {5027F0EA-8A52-49EC-827D-3F6B3469A5BF}
		{8683BBA9-98D5-4099-84D0-20CEFD25A167} = {5027F0EA-8A52-49EC-827D-3F6B3469A5BF}
		{F47CDA6F-2A7C-46A7-A323-E085972BFC0A} = {5027F0EA-8A52-49EC-827D-3F6B3469A5BF}
		{7F419180-15DB-43F4-B7C1-4F5030840D5E} = {7E262528-8DA2-4378-8A84-AAF83041A38E}
		{FEBFF63B-67A4-4746-962B-D4E60EC4B956} = {82B68122-9F5C-4C9F-B04E-302E04204C50}
		{56D01708-8EFE-463F-B584-8A5981643A67} = {F47CDA6F-2A7C-46A7-A323-E085972BFC0A}
		{B2566621-0A42-4ED1-9CC3-12528B206CC0} = {F47CDA6F-2A7C-46A7-A323-E085972BFC0A}
		{E4C89C68-6D6D-4FE4-A55A-3910F58E0751} = {F47CDA6F-2A7C-46A7-A323-E085972BFC0A}
		{F329F924-97BD-4B64-AFA2-DFCA97433955} = {F47CDA6F-2A7C-46A7-A323-E085972BFC0A}
		{3ED5E969-77FE-4ACF-8582-25C6541E241A} = {F47CDA6F-2A7C-46A7-A323-E085972BFC0A}
		{A83BD34C-1C19-4452-BE4E-EE9DD8979727} = {56D01708-8EFE-463F-B584-8A5981643A67}
		{47BACA7B-F291-4026-9F0D-7048A84BC6D7} = {B2566621-0A42-4ED1-9CC3-12528B206CC0}
		{1DE81783-5710-4CB8-B742-548A4E4A5463} = {F329F924-97BD-4B64-AFA2-DFCA97433955}
		{F8BC85EE-7821-4487-B7D7-7AEAE880E29B} = {E4C89C68-6D6D-4FE4-A55A-3910F58E0751}
		{0AD1149B-6E2C-404C-9ED4-00E45BDAED46} = {3ED5E969-77FE-4ACF-8582-25C6541E241A}
		{B18AFE81-0A49-43C8-AA53-5F84AD1F8BD4} = {0AD1149B-6E2C-404C-9ED4-00E45BDAED46}
		{7B9527A8-D49C-45E6-A1D0-86659648F7FF} = {F8BC85EE-7821-4487-B7D7-7AEAE880E29B}
		{37642765-98DA-49B6-BFDB-578B8E2EC26C} = {1DE81783-5710-4CB8-B742-548A4E4A5463}
		{6329FE47-2AEE-4F14-8CEE-848700BC31CE} = {47BACA7B-F291-4026-9F0D-7048A84BC6D7}
		{40E7ABF4-8526-4341-BDED-B7CD45BA3F43} = {A83BD34C-1C19-4452-BE4E-EE9DD8979727}
		{7147E44A-0188-45AE-9533-FB2761D0CDF1} = {FEBFF63B-67A4-4746-962B-D4E60EC4B956}
		{A3F1C55C-DB69-45D7-98CF-712BB47F6FA0} = {7F419180-15DB-43F4-B7C1-4F5030840D5E}
		{C0C5A3AC-44A4-4477-9A57-07D029EA9ED6} = {8683BBA9-98D5-4099-84D0-20CEFD25A167}
		{A2249B7B-E3A8-4805-B8B8-7C7FB26BD863} = {C0C5A3AC-44A4-4477-9A57-07D029EA9ED6}
		{6F295800-2A07-4B52-A8EC-DED254A2F10C} = {A2249B7B-E3A8-4805-B8B8-7C7FB26BD863}
	EndGlobalSection
	GlobalSection(ExtensibilityGlobals) = postSolution
		SolutionGuid = {1D88C228-B49F-4C86-92F1-0BB379A47771}
	EndGlobalSection
EndGlobal
